
Microsoft Visual Studio Solution File, Format Version 12.00
# Visual Studio 2012
Project("{8BC9CEB8-8B4A-11D0-8D11-00A0C91BC942}") = "LeetCode", "LeetCode\LeetCode.vcxproj", "{3F80505D-7642-4FEE-A19A-C252C4E4A137}"
EndProject
Global
	GlobalSection(SolutionConfigurationPlatforms) = preSolution
		Debug|Win32 = Debug|Win32
		Release|Win32 = Release|Win32
	EndGlobalSection
	GlobalSection(ProjectConfigurationPlatforms) = postSolution
		{3F80505D-7642-4FEE-A19A-C252C4E4A137}.Debug|Win32.ActiveCfg = Debug|Win32
		{3F80505D-7642-4FEE-A19A-C252C4E4A137}.Debug|Win32.Build.0 = Debug|Win32
		{3F80505D-7642-4FEE-A19A-C252C4E4A137}.Release|Win32.ActiveCfg = Release|Win32
		{3F80505D-7642-4FEE-A19A-C252C4E4A137}.Release|Win32.Build.0 = Release|Win32
	EndGlobalSection
	GlobalSection(SolutionProperties) = preSolution
		HideSolutionNode = FALSE
	EndGlobalSection
EndGlobal
